// !$*UTF8*$!
{
	archiveVersion = 1;
	classes = {
	};
	objectVersion = 56;
	objects = {

/* Begin PBXBuildFile section */
		CB2118172B7A036A0089BC87 /* SearchTableViewViewController.swift in Sources */ = {isa = PBXBuildFile; fileRef = CB2118162B7A036A0089BC87 /* SearchTableViewViewController.swift */; };
		CB2118192B7A03FB0089BC87 /* SoughtRecipeViewController.swift in Sources */ = {isa = PBXBuildFile; fileRef = CB2118182B7A03FB0089BC87 /* SoughtRecipeViewController.swift */; };
		CB21181B2B7A044A0089BC87 /* FavoriteTableViewRecipeSavedViewController.swift in Sources */ = {isa = PBXBuildFile; fileRef = CB21181A2B7A044A0089BC87 /* FavoriteTableViewRecipeSavedViewController.swift */; };
		CB620DA12B74608B000C3778 /* AppDelegate.swift in Sources */ = {isa = PBXBuildFile; fileRef = CB620DA02B74608B000C3778 /* AppDelegate.swift */; };
		CB620DA32B74608B000C3778 /* SceneDelegate.swift in Sources */ = {isa = PBXBuildFile; fileRef = CB620DA22B74608B000C3778 /* SceneDelegate.swift */; };
		CB620DA82B74608B000C3778 /* Main.storyboard in Resources */ = {isa = PBXBuildFile; fileRef = CB620DA62B74608B000C3778 /* Main.storyboard */; };
		CB620DAB2B74608B000C3778 /* Reciplease.xcdatamodeld in Sources */ = {isa = PBXBuildFile; fileRef = CB620DA92B74608B000C3778 /* Reciplease.xcdatamodeld */; };
		CB620DAD2B74608F000C3778 /* Assets.xcassets in Resources */ = {isa = PBXBuildFile; fileRef = CB620DAC2B74608F000C3778 /* Assets.xcassets */; };
		CB620DB02B74608F000C3778 /* LaunchScreen.storyboard in Resources */ = {isa = PBXBuildFile; fileRef = CB620DAE2B74608F000C3778 /* LaunchScreen.storyboard */; };
		CB620DBB2B746090000C3778 /* RecipleaseTests.swift in Sources */ = {isa = PBXBuildFile; fileRef = CB620DBA2B746090000C3778 /* RecipleaseTests.swift */; };
		CB620DC52B746090000C3778 /* RecipleaseUITests.swift in Sources */ = {isa = PBXBuildFile; fileRef = CB620DC42B746090000C3778 /* RecipleaseUITests.swift */; };
		CB620DC72B746090000C3778 /* RecipleaseUITestsLaunchTests.swift in Sources */ = {isa = PBXBuildFile; fileRef = CB620DC62B746090000C3778 /* RecipleaseUITestsLaunchTests.swift */; };
		CB96D0422B74657000E3210E /* SearchRecipeViewController.swift in Sources */ = {isa = PBXBuildFile; fileRef = CB96D0412B74657000E3210E /* SearchRecipeViewController.swift */; };
		CB96D0452B74673F00E3210E /* FavoriteRecipeViewController.swift in Sources */ = {isa = PBXBuildFile; fileRef = CB96D0442B74673F00E3210E /* FavoriteRecipeViewController.swift */; };
		CBBDB88D2B873A3D00DBC678 /* Alamofire in Frameworks */ = {isa = PBXBuildFile; productRef = CBBDB88C2B873A3D00DBC678 /* Alamofire */; };
		CBBDB88F2B873A5B00DBC678 /* API.swift in Sources */ = {isa = PBXBuildFile; fileRef = CBBDB88E2B873A5B00DBC678 /* API.swift */; };
		CBBDB8912B8740F800DBC678 /* DataModel.swift in Sources */ = {isa = PBXBuildFile; fileRef = CBBDB8902B8740F800DBC678 /* DataModel.swift */; };
/* End PBXBuildFile section */

/* Begin PBXContainerItemProxy section */
		CB620DB72B746090000C3778 /* PBXContainerItemProxy */ = {
			isa = PBXContainerItemProxy;
			containerPortal = CB620D952B74608B000C3778 /* Project object */;
			proxyType = 1;
			remoteGlobalIDString = CB620D9C2B74608B000C3778;
			remoteInfo = Reciplease;
		};
		CB620DC12B746090000C3778 /* PBXContainerItemProxy */ = {
			isa = PBXContainerItemProxy;
			containerPortal = CB620D952B74608B000C3778 /* Project object */;
			proxyType = 1;
			remoteGlobalIDString = CB620D9C2B74608B000C3778;
			remoteInfo = Reciplease;
		};
/* End PBXContainerItemProxy section */

/* Begin PBXFileReference section */
		CB2118162B7A036A0089BC87 /* SearchTableViewViewController.swift */ = {isa = PBXFileReference; lastKnownFileType = sourcecode.swift; path = SearchTableViewViewController.swift; sourceTree = "<group>"; };
		CB2118182B7A03FB0089BC87 /* SoughtRecipeViewController.swift */ = {isa = PBXFileReference; lastKnownFileType = sourcecode.swift; path = SoughtRecipeViewController.swift; sourceTree = "<group>"; };
		CB21181A2B7A044A0089BC87 /* FavoriteTableViewRecipeSavedViewController.swift */ = {isa = PBXFileReference; lastKnownFileType = sourcecode.swift; path = FavoriteTableViewRecipeSavedViewController.swift; sourceTree = "<group>"; };
		CB620D9D2B74608B000C3778 /* Reciplease.app */ = {isa = PBXFileReference; explicitFileType = wrapper.application; includeInIndex = 0; path = Reciplease.app; sourceTree = BUILT_PRODUCTS_DIR; };
		CB620DA02B74608B000C3778 /* AppDelegate.swift */ = {isa = PBXFileReference; lastKnownFileType = sourcecode.swift; path = AppDelegate.swift; sourceTree = "<group>"; };
		CB620DA22B74608B000C3778 /* SceneDelegate.swift */ = {isa = PBXFileReference; lastKnownFileType = sourcecode.swift; path = SceneDelegate.swift; sourceTree = "<group>"; };
		CB620DA72B74608B000C3778 /* Base */ = {isa = PBXFileReference; lastKnownFileType = file.storyboard; name = Base; path = Base.lproj/Main.storyboard; sourceTree = "<group>"; };
		CB620DAA2B74608B000C3778 /* Reciplease.xcdatamodel */ = {isa = PBXFileReference; lastKnownFileType = wrapper.xcdatamodel; path = Reciplease.xcdatamodel; sourceTree = "<group>"; };
		CB620DAC2B74608F000C3778 /* Assets.xcassets */ = {isa = PBXFileReference; lastKnownFileType = folder.assetcatalog; path = Assets.xcassets; sourceTree = "<group>"; };
		CB620DAF2B74608F000C3778 /* Base */ = {isa = PBXFileReference; lastKnownFileType = file.storyboard; name = Base; path = Base.lproj/LaunchScreen.storyboard; sourceTree = "<group>"; };
		CB620DB12B74608F000C3778 /* Info.plist */ = {isa = PBXFileReference; lastKnownFileType = text.plist.xml; path = Info.plist; sourceTree = "<group>"; };
		CB620DB62B746090000C3778 /* RecipleaseTests.xctest */ = {isa = PBXFileReference; explicitFileType = wrapper.cfbundle; includeInIndex = 0; path = RecipleaseTests.xctest; sourceTree = BUILT_PRODUCTS_DIR; };
		CB620DBA2B746090000C3778 /* RecipleaseTests.swift */ = {isa = PBXFileReference; lastKnownFileType = sourcecode.swift; path = RecipleaseTests.swift; sourceTree = "<group>"; };
		CB620DC02B746090000C3778 /* RecipleaseUITests.xctest */ = {isa = PBXFileReference; explicitFileType = wrapper.cfbundle; includeInIndex = 0; path = RecipleaseUITests.xctest; sourceTree = BUILT_PRODUCTS_DIR; };
		CB620DC42B746090000C3778 /* RecipleaseUITests.swift */ = {isa = PBXFileReference; lastKnownFileType = sourcecode.swift; path = RecipleaseUITests.swift; sourceTree = "<group>"; };
		CB620DC62B746090000C3778 /* RecipleaseUITestsLaunchTests.swift */ = {isa = PBXFileReference; lastKnownFileType = sourcecode.swift; path = RecipleaseUITestsLaunchTests.swift; sourceTree = "<group>"; };
		CB96D0412B74657000E3210E /* SearchRecipeViewController.swift */ = {isa = PBXFileReference; lastKnownFileType = sourcecode.swift; path = SearchRecipeViewController.swift; sourceTree = "<group>"; };
		CB96D0442B74673F00E3210E /* FavoriteRecipeViewController.swift */ = {isa = PBXFileReference; lastKnownFileType = sourcecode.swift; path = FavoriteRecipeViewController.swift; sourceTree = "<group>"; };
		CBBDB88E2B873A5B00DBC678 /* API.swift */ = {isa = PBXFileReference; lastKnownFileType = sourcecode.swift; path = API.swift; sourceTree = "<group>"; };
		CBBDB8902B8740F800DBC678 /* DataModel.swift */ = {isa = PBXFileReference; lastKnownFileType = sourcecode.swift; path = DataModel.swift; sourceTree = "<group>"; };
/* End PBXFileReference section */

/* Begin PBXFrameworksBuildPhase section */
		CB620D9A2B74608B000C3778 /* Frameworks */ = {
			isa = PBXFrameworksBuildPhase;
			buildActionMask = 2147483647;
			files = (
				CBBDB88D2B873A3D00DBC678 /* Alamofire in Frameworks */,
			);
			runOnlyForDeploymentPostprocessing = 0;
		};
		CB620DB32B746090000C3778 /* Frameworks */ = {
			isa = PBXFrameworksBuildPhase;
			buildActionMask = 2147483647;
			files = (
			);
			runOnlyForDeploymentPostprocessing = 0;
		};
		CB620DBD2B746090000C3778 /* Frameworks */ = {
			isa = PBXFrameworksBuildPhase;
			buildActionMask = 2147483647;
			files = (
			);
			runOnlyForDeploymentPostprocessing = 0;
		};
/* End PBXFrameworksBuildPhase section */

/* Begin PBXGroup section */
		CB504F202B81292400535FEE /* Model */ = {
			isa = PBXGroup;
			children = (
				CBBDB88E2B873A5B00DBC678 /* API.swift */,
				CBBDB8902B8740F800DBC678 /* DataModel.swift */,
			);
			path = Model;
			sourceTree = "<group>";
		};
		CB620D942B74608B000C3778 = {
			isa = PBXGroup;
			children = (
				CB620D9F2B74608B000C3778 /* Reciplease */,
				CB96D0462B7467F200E3210E /* SupportingFiles */,
				CB620DB92B746090000C3778 /* RecipleaseTests */,
				CB620DC32B746090000C3778 /* RecipleaseUITests */,
				CB620D9E2B74608B000C3778 /* Products */,
			);
			sourceTree = "<group>";
		};
		CB620D9E2B74608B000C3778 /* Products */ = {
			isa = PBXGroup;
			children = (
				CB620D9D2B74608B000C3778 /* Reciplease.app */,
				CB620DB62B746090000C3778 /* RecipleaseTests.xctest */,
				CB620DC02B746090000C3778 /* RecipleaseUITests.xctest */,
			);
			name = Products;
			sourceTree = "<group>";
		};
		CB620D9F2B74608B000C3778 /* Reciplease */ = {
			isa = PBXGroup;
			children = (
				CB504F202B81292400535FEE /* Model */,
				CB96D0432B74657E00E3210E /* Controller */,
				CB96D0472B746AA600E3210E /* Vue */,
				CB620DB12B74608F000C3778 /* Info.plist */,
				CB620DA92B74608B000C3778 /* Reciplease.xcdatamodeld */,
			);
			path = Reciplease;
			sourceTree = "<group>";
		};
		CB620DB92B746090000C3778 /* RecipleaseTests */ = {
			isa = PBXGroup;
			children = (
				CB620DBA2B746090000C3778 /* RecipleaseTests.swift */,
			);
			path = RecipleaseTests;
			sourceTree = "<group>";
		};
		CB620DC32B746090000C3778 /* RecipleaseUITests */ = {
			isa = PBXGroup;
			children = (
				CB620DC42B746090000C3778 /* RecipleaseUITests.swift */,
				CB620DC62B746090000C3778 /* RecipleaseUITestsLaunchTests.swift */,
			);
			path = RecipleaseUITests;
			sourceTree = "<group>";
		};
		CB96D0432B74657E00E3210E /* Controller */ = {
			isa = PBXGroup;
			children = (
				CB96D0412B74657000E3210E /* SearchRecipeViewController.swift */,
				CB2118162B7A036A0089BC87 /* SearchTableViewViewController.swift */,
				CB2118182B7A03FB0089BC87 /* SoughtRecipeViewController.swift */,
				CB21181A2B7A044A0089BC87 /* FavoriteTableViewRecipeSavedViewController.swift */,
				CB96D0442B74673F00E3210E /* FavoriteRecipeViewController.swift */,
			);
			path = Controller;
			sourceTree = "<group>";
		};
		CB96D0462B7467F200E3210E /* SupportingFiles */ = {
			isa = PBXGroup;
			children = (
				CB620DA02B74608B000C3778 /* AppDelegate.swift */,
				CB620DA22B74608B000C3778 /* SceneDelegate.swift */,
				CB620DAC2B74608F000C3778 /* Assets.xcassets */,
			);
			path = SupportingFiles;
			sourceTree = "<group>";
		};
		CB96D0472B746AA600E3210E /* Vue */ = {
			isa = PBXGroup;
			children = (
				CB620DA62B74608B000C3778 /* Main.storyboard */,
				CB620DAE2B74608F000C3778 /* LaunchScreen.storyboard */,
			);
			path = Vue;
			sourceTree = "<group>";
		};
/* End PBXGroup section */

/* Begin PBXNativeTarget section */
		CB620D9C2B74608B000C3778 /* Reciplease */ = {
			isa = PBXNativeTarget;
			buildConfigurationList = CB620DCA2B746090000C3778 /* Build configuration list for PBXNativeTarget "Reciplease" */;
			buildPhases = (
				CB620D992B74608B000C3778 /* Sources */,
				CB620D9A2B74608B000C3778 /* Frameworks */,
				CB620D9B2B74608B000C3778 /* Resources */,
			);
			buildRules = (
			);
			dependencies = (
			);
			name = Reciplease;
			packageProductDependencies = (
				CBBDB88C2B873A3D00DBC678 /* Alamofire */,
			);
			productName = Reciplease;
			productReference = CB620D9D2B74608B000C3778 /* Reciplease.app */;
			productType = "com.apple.product-type.application";
		};
		CB620DB52B746090000C3778 /* RecipleaseTests */ = {
			isa = PBXNativeTarget;
			buildConfigurationList = CB620DCD2B746090000C3778 /* Build configuration list for PBXNativeTarget "RecipleaseTests" */;
			buildPhases = (
				CB620DB22B746090000C3778 /* Sources */,
				CB620DB32B746090000C3778 /* Frameworks */,
				CB620DB42B746090000C3778 /* Resources */,
			);
			buildRules = (
			);
			dependencies = (
				CB620DB82B746090000C3778 /* PBXTargetDependency */,
			);
			name = RecipleaseTests;
			productName = RecipleaseTests;
			productReference = CB620DB62B746090000C3778 /* RecipleaseTests.xctest */;
			productType = "com.apple.product-type.bundle.unit-test";
		};
		CB620DBF2B746090000C3778 /* RecipleaseUITests */ = {
			isa = PBXNativeTarget;
			buildConfigurationList = CB620DD02B746090000C3778 /* Build configuration list for PBXNativeTarget "RecipleaseUITests" */;
			buildPhases = (
				CB620DBC2B746090000C3778 /* Sources */,
				CB620DBD2B746090000C3778 /* Frameworks */,
				CB620DBE2B746090000C3778 /* Resources */,
			);
			buildRules = (
			);
			dependencies = (
				CB620DC22B746090000C3778 /* PBXTargetDependency */,
			);
			name = RecipleaseUITests;
			productName = RecipleaseUITests;
			productReference = CB620DC02B746090000C3778 /* RecipleaseUITests.xctest */;
			productType = "com.apple.product-type.bundle.ui-testing";
		};
/* End PBXNativeTarget section */

/* Begin PBXProject section */
		CB620D952B74608B000C3778 /* Project object */ = {
			isa = PBXProject;
			attributes = {
				BuildIndependentTargetsInParallel = 1;
				LastSwiftUpdateCheck = 1520;
				LastUpgradeCheck = 1520;
				TargetAttributes = {
					CB620D9C2B74608B000C3778 = {
						CreatedOnToolsVersion = 15.2;
					};
					CB620DB52B746090000C3778 = {
						CreatedOnToolsVersion = 15.2;
						TestTargetID = CB620D9C2B74608B000C3778;
					};
					CB620DBF2B746090000C3778 = {
						CreatedOnToolsVersion = 15.2;
						TestTargetID = CB620D9C2B74608B000C3778;
					};
				};
			};
			buildConfigurationList = CB620D982B74608B000C3778 /* Build configuration list for PBXProject "Reciplease" */;
			compatibilityVersion = "Xcode 14.0";
			developmentRegion = en;
			hasScannedForEncodings = 0;
			knownRegions = (
				en,
				Base,
			);
			mainGroup = CB620D942B74608B000C3778;
			packageReferences = (
				CBBDB88B2B873A3D00DBC678 /* XCRemoteSwiftPackageReference "Alamofire" */,
			);
			productRefGroup = CB620D9E2B74608B000C3778 /* Products */;
			projectDirPath = "";
			projectRoot = "";
			targets = (
				CB620D9C2B74608B000C3778 /* Reciplease */,
				CB620DB52B746090000C3778 /* RecipleaseTests */,
				CB620DBF2B746090000C3778 /* RecipleaseUITests */,
			);
		};
/* End PBXProject section */

/* Begin PBXResourcesBuildPhase section */
		CB620D9B2B74608B000C3778 /* Resources */ = {
			isa = PBXResourcesBuildPhase;
			buildActionMask = 2147483647;
			files = (
				CB620DB02B74608F000C3778 /* LaunchScreen.storyboard in Resources */,
				CB620DAD2B74608F000C3778 /* Assets.xcassets in Resources */,
				CB620DA82B74608B000C3778 /* Main.storyboard in Resources */,
			);
			runOnlyForDeploymentPostprocessing = 0;
		};
		CB620DB42B746090000C3778 /* Resources */ = {
			isa = PBXResourcesBuildPhase;
			buildActionMask = 2147483647;
			files = (
			);
			runOnlyForDeploymentPostprocessing = 0;
		};
		CB620DBE2B746090000C3778 /* Resources */ = {
			isa = PBXResourcesBuildPhase;
			buildActionMask = 2147483647;
			files = (
			);
			runOnlyForDeploymentPostprocessing = 0;
		};
/* End PBXResourcesBuildPhase section */

/* Begin PBXSourcesBuildPhase section */
		CB620D992B74608B000C3778 /* Sources */ = {
			isa = PBXSourcesBuildPhase;
			buildActionMask = 2147483647;
			files = (
				CB21181B2B7A044A0089BC87 /* FavoriteTableViewRecipeSavedViewController.swift in Sources */,
				CB96D0422B74657000E3210E /* SearchRecipeViewController.swift in Sources */,
				CB2118192B7A03FB0089BC87 /* SoughtRecipeViewController.swift in Sources */,
				CB620DAB2B74608B000C3778 /* Reciplease.xcdatamodeld in Sources */,
				CB620DA12B74608B000C3778 /* AppDelegate.swift in Sources */,
				CBBDB8912B8740F800DBC678 /* DataModel.swift in Sources */,
				CB620DA32B74608B000C3778 /* SceneDelegate.swift in Sources */,
				CB2118172B7A036A0089BC87 /* SearchTableViewViewController.swift in Sources */,
				CBBDB88F2B873A5B00DBC678 /* API.swift in Sources */,
				CB96D0452B74673F00E3210E /* FavoriteRecipeViewController.swift in Sources */,
			);
			runOnlyForDeploymentPostprocessing = 0;
		};
		CB620DB22B746090000C3778 /* Sources */ = {
			isa = PBXSourcesBuildPhase;
			buildActionMask = 2147483647;
			files = (
				CB620DBB2B746090000C3778 /* RecipleaseTests.swift in Sources */,
			);
			runOnlyForDeploymentPostprocessing = 0;
		};
		CB620DBC2B746090000C3778 /* Sources */ = {
			isa = PBXSourcesBuildPhase;
			buildActionMask = 2147483647;
			files = (
				CB620DC52B746090000C3778 /* RecipleaseUITests.swift in Sources */,
				CB620DC72B746090000C3778 /* RecipleaseUITestsLaunchTests.swift in Sources */,
			);
			runOnlyForDeploymentPostprocessing = 0;
		};
/* End PBXSourcesBuildPhase section */

/* Begin PBXTargetDependency section */
		CB620DB82B746090000C3778 /* PBXTargetDependency */ = {
			isa = PBXTargetDependency;
			target = CB620D9C2B74608B000C3778 /* Reciplease */;
			targetProxy = CB620DB72B746090000C3778 /* PBXContainerItemProxy */;
		};
		CB620DC22B746090000C3778 /* PBXTargetDependency */ = {
			isa = PBXTargetDependency;
			target = CB620D9C2B74608B000C3778 /* Reciplease */;
			targetProxy = CB620DC12B746090000C3778 /* PBXContainerItemProxy */;
		};
/* End PBXTargetDependency section */

/* Begin PBXVariantGroup section */
		CB620DA62B74608B000C3778 /* Main.storyboard */ = {
			isa = PBXVariantGroup;
			children = (
				CB620DA72B74608B000C3778 /* Base */,
			);
			name = Main.storyboard;
			sourceTree = "<group>";
		};
		CB620DAE2B74608F000C3778 /* LaunchScreen.storyboard */ = {
			isa = PBXVariantGroup;
			children = (
				CB620DAF2B74608F000C3778 /* Base */,
			);
			name = LaunchScreen.storyboard;
			sourceTree = "<group>";
		};
/* End PBXVariantGroup section */

/* Begin XCBuildConfiguration section */
		CB620DC82B746090000C3778 /* Debug */ = {
			isa = XCBuildConfiguration;
			buildSettings = {
				ALWAYS_SEARCH_USER_PATHS = NO;
				ASSETCATALOG_COMPILER_GENERATE_SWIFT_ASSET_SYMBOL_EXTENSIONS = YES;
				CLANG_ANALYZER_NONNULL = YES;
				CLANG_ANALYZER_NUMBER_OBJECT_CONVERSION = YES_AGGRESSIVE;
				CLANG_CXX_LANGUAGE_STANDARD = "gnu++20";
				CLANG_ENABLE_MODULES = YES;
				CLANG_ENABLE_OBJC_ARC = YES;
				CLANG_ENABLE_OBJC_WEAK = YES;
				CLANG_WARN_BLOCK_CAPTURE_AUTORELEASING = YES;
				CLANG_WARN_BOOL_CONVERSION = YES;
				CLANG_WARN_COMMA = YES;
				CLANG_WARN_CONSTANT_CONVERSION = YES;
				CLANG_WARN_DEPRECATED_OBJC_IMPLEMENTATIONS = YES;
				CLANG_WARN_DIRECT_OBJC_ISA_USAGE = YES_ERROR;
				CLANG_WARN_DOCUMENTATION_COMMENTS = YES;
				CLANG_WARN_EMPTY_BODY = YES;
				CLANG_WARN_ENUM_CONVERSION = YES;
				CLANG_WARN_INFINITE_RECURSION = YES;
				CLANG_WARN_INT_CONVERSION = YES;
				CLANG_WARN_NON_LITERAL_NULL_CONVERSION = YES;
				CLANG_WARN_OBJC_IMPLICIT_RETAIN_SELF = YES;
				CLANG_WARN_OBJC_LITERAL_CONVERSION = YES;
				CLANG_WARN_OBJC_ROOT_CLASS = YES_ERROR;
				CLANG_WARN_QUOTED_INCLUDE_IN_FRAMEWORK_HEADER = YES;
				CLANG_WARN_RANGE_LOOP_ANALYSIS = YES;
				CLANG_WARN_STRICT_PROTOTYPES = YES;
				CLANG_WARN_SUSPICIOUS_MOVE = YES;
				CLANG_WARN_UNGUARDED_AVAILABILITY = YES_AGGRESSIVE;
				CLANG_WARN_UNREACHABLE_CODE = YES;
				CLANG_WARN__DUPLICATE_METHOD_MATCH = YES;
				COPY_PHASE_STRIP = NO;
				DEBUG_INFORMATION_FORMAT = dwarf;
				ENABLE_STRICT_OBJC_MSGSEND = YES;
				ENABLE_TESTABILITY = YES;
				ENABLE_USER_SCRIPT_SANDBOXING = YES;
				GCC_C_LANGUAGE_STANDARD = gnu17;
				GCC_DYNAMIC_NO_PIC = NO;
				GCC_NO_COMMON_BLOCKS = YES;
				GCC_OPTIMIZATION_LEVEL = 0;
				GCC_PREPROCESSOR_DEFINITIONS = (
					"DEBUG=1",
					"$(inherited)",
				);
				GCC_WARN_64_TO_32_BIT_CONVERSION = YES;
				GCC_WARN_ABOUT_RETURN_TYPE = YES_ERROR;
				GCC_WARN_UNDECLARED_SELECTOR = YES;
				GCC_WARN_UNINITIALIZED_AUTOS = YES_AGGRESSIVE;
				GCC_WARN_UNUSED_FUNCTION = YES;
				GCC_WARN_UNUSED_VARIABLE = YES;
				IPHONEOS_DEPLOYMENT_TARGET = 17.2;
				LOCALIZATION_PREFERS_STRING_CATALOGS = YES;
				MTL_ENABLE_DEBUG_INFO = INCLUDE_SOURCE;
				MTL_FAST_MATH = YES;
				ONLY_ACTIVE_ARCH = YES;
				SDKROOT = iphoneos;
				SWIFT_ACTIVE_COMPILATION_CONDITIONS = "DEBUG $(inherited)";
				SWIFT_OPTIMIZATION_LEVEL = "-Onone";
			};
			name = Debug;
		};
		CB620DC92B746090000C3778 /* Release */ = {
			isa = XCBuildConfiguration;
			buildSettings = {
				ALWAYS_SEARCH_USER_PATHS = NO;
				ASSETCATALOG_COMPILER_GENERATE_SWIFT_ASSET_SYMBOL_EXTENSIONS = YES;
				CLANG_ANALYZER_NONNULL = YES;
				CLANG_ANALYZER_NUMBER_OBJECT_CONVERSION = YES_AGGRESSIVE;
				CLANG_CXX_LANGUAGE_STANDARD = "gnu++20";
				CLANG_ENABLE_MODULES = YES;
				CLANG_ENABLE_OBJC_ARC = YES;
				CLANG_ENABLE_OBJC_WEAK = YES;
				CLANG_WARN_BLOCK_CAPTURE_AUTORELEASING = YES;
				CLANG_WARN_BOOL_CONVERSION = YES;
				CLANG_WARN_COMMA = YES;
				CLANG_WARN_CONSTANT_CONVERSION = YES;
				CLANG_WARN_DEPRECATED_OBJC_IMPLEMENTATIONS = YES;
				CLANG_WARN_DIRECT_OBJC_ISA_USAGE = YES_ERROR;
				CLANG_WARN_DOCUMENTATION_COMMENTS = YES;
				CLANG_WARN_EMPTY_BODY = YES;
				CLANG_WARN_ENUM_CONVERSION = YES;
				CLANG_WARN_INFINITE_RECURSION = YES;
				CLANG_WARN_INT_CONVERSION = YES;
				CLANG_WARN_NON_LITERAL_NULL_CONVERSION = YES;
				CLANG_WARN_OBJC_IMPLICIT_RETAIN_SELF = YES;
				CLANG_WARN_OBJC_LITERAL_CONVERSION = YES;
				CLANG_WARN_OBJC_ROOT_CLASS = YES_ERROR;
				CLANG_WARN_QUOTED_INCLUDE_IN_FRAMEWORK_HEADER = YES;
				CLANG_WARN_RANGE_LOOP_ANALYSIS = YES;
				CLANG_WARN_STRICT_PROTOTYPES = YES;
				CLANG_WARN_SUSPICIOUS_MOVE = YES;
				CLANG_WARN_UNGUARDED_AVAILABILITY = YES_AGGRESSIVE;
				CLANG_WARN_UNREACHABLE_CODE = YES;
				CLANG_WARN__DUPLICATE_METHOD_MATCH = YES;
				COPY_PHASE_STRIP = NO;
				DEBUG_INFORMATION_FORMAT = "dwarf-with-dsym";
				ENABLE_NS_ASSERTIONS = NO;
				ENABLE_STRICT_OBJC_MSGSEND = YES;
				ENABLE_USER_SCRIPT_SANDBOXING = YES;
				GCC_C_LANGUAGE_STANDARD = gnu17;
				GCC_NO_COMMON_BLOCKS = YES;
				GCC_WARN_64_TO_32_BIT_CONVERSION = YES;
				GCC_WARN_ABOUT_RETURN_TYPE = YES_ERROR;
				GCC_WARN_UNDECLARED_SELECTOR = YES;
				GCC_WARN_UNINITIALIZED_AUTOS = YES_AGGRESSIVE;
				GCC_WARN_UNUSED_FUNCTION = YES;
				GCC_WARN_UNUSED_VARIABLE = YES;
				IPHONEOS_DEPLOYMENT_TARGET = 17.2;
				LOCALIZATION_PREFERS_STRING_CATALOGS = YES;
				MTL_ENABLE_DEBUG_INFO = NO;
				MTL_FAST_MATH = YES;
				SDKROOT = iphoneos;
				SWIFT_COMPILATION_MODE = wholemodule;
				VALIDATE_PRODUCT = YES;
			};
			name = Release;
		};
		CB620DCB2B746090000C3778 /* Debug */ = {
			isa = XCBuildConfiguration;
			buildSettings = {
				ASSETCATALOG_COMPILER_APPICON_NAME = AppIcon;
				ASSETCATALOG_COMPILER_GLOBAL_ACCENT_COLOR_NAME = AccentColor;
				CODE_SIGN_STYLE = Automatic;
				CURRENT_PROJECT_VERSION = 1;
				DEVELOPMENT_TEAM = 357SCH38Y3;
				GENERATE_INFOPLIST_FILE = YES;
				INFOPLIST_FILE = Reciplease/Info.plist;
				INFOPLIST_KEY_UIApplicationSupportsIndirectInputEvents = YES;
				INFOPLIST_KEY_UILaunchStoryboardName = LaunchScreen;
				INFOPLIST_KEY_UIMainStoryboardFile = Main;
				INFOPLIST_KEY_UISupportedInterfaceOrientations_iPad = "UIInterfaceOrientationPortrait UIInterfaceOrientationPortraitUpsideDown UIInterfaceOrientationLandscapeLeft UIInterfaceOrientationLandscapeRight";
				INFOPLIST_KEY_UISupportedInterfaceOrientations_iPhone = "UIInterfaceOrientationPortrait UIInterfaceOrientationLandscapeLeft UIInterfaceOrientationLandscapeRight";
				LD_RUNPATH_SEARCH_PATHS = (
					"$(inherited)",
					"@executable_path/Frameworks",
				);
				MARKETING_VERSION = 1.0;
				PRODUCT_BUNDLE_IDENTIFIER = com.PeyronyFlorian.Reciplease;
				PRODUCT_NAME = "$(TARGET_NAME)";
				SWIFT_EMIT_LOC_STRINGS = YES;
				SWIFT_VERSION = 5.0;
				TARGETED_DEVICE_FAMILY = "1,2";
			};
			name = Debug;
		};
		CB620DCC2B746090000C3778 /* Release */ = {
			isa = XCBuildConfiguration;
			buildSettings = {
				ASSETCATALOG_COMPILER_APPICON_NAME = AppIcon;
				ASSETCATALOG_COMPILER_GLOBAL_ACCENT_COLOR_NAME = AccentColor;
				CODE_SIGN_STYLE = Automatic;
				CURRENT_PROJECT_VERSION = 1;
				DEVELOPMENT_TEAM = 357SCH38Y3;
				GENERATE_INFOPLIST_FILE = YES;
				INFOPLIST_FILE = Reciplease/Info.plist;
				INFOPLIST_KEY_UIApplicationSupportsIndirectInputEvents = YES;
				INFOPLIST_KEY_UILaunchStoryboardName = LaunchScreen;
				INFOPLIST_KEY_UIMainStoryboardFile = Main;
				INFOPLIST_KEY_UISupportedInterfaceOrientations_iPad = "UIInterfaceOrientationPortrait UIInterfaceOrientationPortraitUpsideDown UIInterfaceOrientationLandscapeLeft UIInterfaceOrientationLandscapeRight";
				INFOPLIST_KEY_UISupportedInterfaceOrientations_iPhone = "UIInterfaceOrientationPortrait UIInterfaceOrientationLandscapeLeft UIInterfaceOrientationLandscapeRight";
				LD_RUNPATH_SEARCH_PATHS = (
					"$(inherited)",
					"@executable_path/Frameworks",
				);
				MARKETING_VERSION = 1.0;
				PRODUCT_BUNDLE_IDENTIFIER = com.PeyronyFlorian.Reciplease;
				PRODUCT_NAME = "$(TARGET_NAME)";
				SWIFT_EMIT_LOC_STRINGS = YES;
				SWIFT_VERSION = 5.0;
				TARGETED_DEVICE_FAMILY = "1,2";
			};
			name = Release;
		};
		CB620DCE2B746090000C3778 /* Debug */ = {
			isa = XCBuildConfiguration;
			buildSettings = {
				ALWAYS_EMBED_SWIFT_STANDARD_LIBRARIES = YES;
				BUNDLE_LOADER = "$(TEST_HOST)";
				CODE_SIGN_STYLE = Automatic;
				CURRENT_PROJECT_VERSION = 1;
				DEVELOPMENT_TEAM = 357SCH38Y3;
				GENERATE_INFOPLIST_FILE = YES;
				IPHONEOS_DEPLOYMENT_TARGET = 17.2;
				MARKETING_VERSION = 1.0;
				PRODUCT_BUNDLE_IDENTIFIER = com.PeyronyFlorian.RecipleaseTests;
				PRODUCT_NAME = "$(TARGET_NAME)";
				SWIFT_EMIT_LOC_STRINGS = NO;
				SWIFT_VERSION = 5.0;
				TARGETED_DEVICE_FAMILY = "1,2";
				TEST_HOST = "$(BUILT_PRODUCTS_DIR)/Reciplease.app/$(BUNDLE_EXECUTABLE_FOLDER_PATH)/Reciplease";
			};
			name = Debug;
		};
		CB620DCF2B746090000C3778 /* Release */ = {
			isa = XCBuildConfiguration;
			buildSettings = {
				ALWAYS_EMBED_SWIFT_STANDARD_LIBRARIES = YES;
				BUNDLE_LOADER = "$(TEST_HOST)";
				CODE_SIGN_STYLE = Automatic;
				CURRENT_PROJECT_VERSION = 1;
				DEVELOPMENT_TEAM = 357SCH38Y3;
				GENERATE_INFOPLIST_FILE = YES;
				IPHONEOS_DEPLOYMENT_TARGET = 17.2;
				MARKETING_VERSION = 1.0;
				PRODUCT_BUNDLE_IDENTIFIER = com.PeyronyFlorian.RecipleaseTests;
				PRODUCT_NAME = "$(TARGET_NAME)";
				SWIFT_EMIT_LOC_STRINGS = NO;
				SWIFT_VERSION = 5.0;
				TARGETED_DEVICE_FAMILY = "1,2";
				TEST_HOST = "$(BUILT_PRODUCTS_DIR)/Reciplease.app/$(BUNDLE_EXECUTABLE_FOLDER_PATH)/Reciplease";
			};
			name = Release;
		};
		CB620DD12B746090000C3778 /* Debug */ = {
			isa = XCBuildConfiguration;
			buildSettings = {
				ALWAYS_EMBED_SWIFT_STANDARD_LIBRARIES = YES;
				CODE_SIGN_STYLE = Automatic;
				CURRENT_PROJECT_VERSION = 1;
				DEVELOPMENT_TEAM = 357SCH38Y3;
				GENERATE_INFOPLIST_FILE = YES;
				MARKETING_VERSION = 1.0;
				PRODUCT_BUNDLE_IDENTIFIER = com.PeyronyFlorian.RecipleaseUITests;
				PRODUCT_NAME = "$(TARGET_NAME)";
				SWIFT_EMIT_LOC_STRINGS = NO;
				SWIFT_VERSION = 5.0;
				TARGETED_DEVICE_FAMILY = "1,2";
				TEST_TARGET_NAME = Reciplease;
			};
			name = Debug;
		};
		CB620DD22B746090000C3778 /* Release */ = {
			isa = XCBuildConfiguration;
			buildSettings = {
				ALWAYS_EMBED_SWIFT_STANDARD_LIBRARIES = YES;
				CODE_SIGN_STYLE = Automatic;
				CURRENT_PROJECT_VERSION = 1;
				DEVELOPMENT_TEAM = 357SCH38Y3;
				GENERATE_INFOPLIST_FILE = YES;
				MARKETING_VERSION = 1.0;
				PRODUCT_BUNDLE_IDENTIFIER = com.PeyronyFlorian.RecipleaseUITests;
				PRODUCT_NAME = "$(TARGET_NAME)";
				SWIFT_EMIT_LOC_STRINGS = NO;
				SWIFT_VERSION = 5.0;
				TARGETED_DEVICE_FAMILY = "1,2";
				TEST_TARGET_NAME = Reciplease;
			};
			name = Release;
		};
/* End XCBuildConfiguration section */

/* Begin XCConfigurationList section */
		CB620D982B74608B000C3778 /* Build configuration list for PBXProject "Reciplease" */ = {
			isa = XCConfigurationList;
			buildConfigurations = (
				CB620DC82B746090000C3778 /* Debug */,
				CB620DC92B746090000C3778 /* Release */,
			);
			defaultConfigurationIsVisible = 0;
			defaultConfigurationName = Release;
		};
		CB620DCA2B746090000C3778 /* Build configuration list for PBXNativeTarget "Reciplease" */ = {
			isa = XCConfigurationList;
			buildConfigurations = (
				CB620DCB2B746090000C3778 /* Debug */,
				CB620DCC2B746090000C3778 /* Release */,
			);
			defaultConfigurationIsVisible = 0;
			defaultConfigurationName = Release;
		};
		CB620DCD2B746090000C3778 /* Build configuration list for PBXNativeTarget "RecipleaseTests" */ = {
			isa = XCConfigurationList;
			buildConfigurations = (
				CB620DCE2B746090000C3778 /* Debug */,
				CB620DCF2B746090000C3778 /* Release */,
			);
			defaultConfigurationIsVisible = 0;
			defaultConfigurationName = Release;
		};
		CB620DD02B746090000C3778 /* Build configuration list for PBXNativeTarget "RecipleaseUITests" */ = {
			isa = XCConfigurationList;
			buildConfigurations = (
				CB620DD12B746090000C3778 /* Debug */,
				CB620DD22B746090000C3778 /* Release */,
			);
			defaultConfigurationIsVisible = 0;
			defaultConfigurationName = Release;
		};
/* End XCConfigurationList section */

/* Begin XCRemoteSwiftPackageReference section */
		CBBDB88B2B873A3D00DBC678 /* XCRemoteSwiftPackageReference "Alamofire" */ = {
			isa = XCRemoteSwiftPackageReference;
			repositoryURL = "https://github.com/Alamofire/Alamofire";
			requirement = {
				kind = upToNextMajorVersion;
				minimumVersion = 5.8.1;
			};
		};
/* End XCRemoteSwiftPackageReference section */

/* Begin XCSwiftPackageProductDependency section */
		CBBDB88C2B873A3D00DBC678 /* Alamofire */ = {
			isa = XCSwiftPackageProductDependency;
			package = CBBDB88B2B873A3D00DBC678 /* XCRemoteSwiftPackageReference "Alamofire" */;
			productName = Alamofire;
		};
/* End XCSwiftPackageProductDependency section */

/* Begin XCVersionGroup section */
		CB620DA92B74608B000C3778 /* Reciplease.xcdatamodeld */ = {
			isa = XCVersionGroup;
			children = (
				CB620DAA2B74608B000C3778 /* Reciplease.xcdatamodel */,
			);
			currentVersion = CB620DAA2B74608B000C3778 /* Reciplease.xcdatamodel */;
			path = Reciplease.xcdatamodeld;
			sourceTree = "<group>";
			versionGroupType = wrapper.xcdatamodel;
		};
/* End XCVersionGroup section */
	};
	rootObject = CB620D952B74608B000C3778 /* Project object */;
}
